
Microsoft Visual Studio Solution File, Format Version 12.00
# Visual Studio 15
VisualStudioVersion = 15.0.26730.16
MinimumVisualStudioVersion = 10.0.40219.1
Project("{FAE04EC0-301F-11D3-BF4B-00C04F79EFBC}") = "UnityRuntimeDll", "UnityRuntimeDll\UnityRuntimeDll.csproj", "{682FF692-61D2-4523-B15D-E91C80741216}"
EndProject
Project("{FAE04EC0-301F-11D3-BF4B-00C04F79EFBC}") = "UnityEditorDll", "UnityEditorDll\UnityEditorDll.csproj", "{8A84A30E-A093-4402-86D7-05E96AC3B2E5}"
EndProject
Global
	GlobalSection(SolutionConfigurationPlatforms) = preSolution
		Debug|Any CPU = Debug|Any CPU
		Release|Any CPU = Release|Any CPU
	EndGlobalSection
	GlobalSection(ProjectConfigurationPlatforms) = postSolution
		{682FF692-61D2-4523-B15D-E91C80741216}.Debug|Any CPU.ActiveCfg = Debug|Any CPU
		{682FF692-61D2-4523-B15D-E91C80741216}.Debug|Any CPU.Build.0 = Debug|Any CPU
		{682FF692-61D2-4523-B15D-E91C80741216}.Release|Any CPU.ActiveCfg = Release|Any CPU
		{682FF692-61D2-4523-B15D-E91C80741216}.Release|Any CPU.Build.0 = Release|Any CPU
		{8A84A30E-A093-4402-86D7-05E96AC3B2E5}.Debug|Any CPU.ActiveCfg = Debug|Any CPU
		{8A84A30E-A093-4402-86D7-05E96AC3B2E5}.Debug|Any CPU.Build.0 = Debug|Any CPU
		{8A84A30E-A093-4402-86D7-05E96AC3B2E5}.Release|Any CPU.ActiveCfg = Release|Any CPU
		{8A84A30E-A093-4402-86D7-05E96AC3B2E5}.Release|Any CPU.Build.0 = Release|Any CPU
	EndGlobalSection
	GlobalSection(SolutionProperties) = preSolution
		HideSolutionNode = FALSE
	EndGlobalSection
	GlobalSection(ExtensibilityGlobals) = postSolution
		SolutionGuid = {A07F32AB-A512-4DC7-8565-AB162AA199AB}
	EndGlobalSection
EndGlobal
